
Microsoft Visual Studio Solution File, Format Version 12.00
# Visual Studio Version 17
VisualStudioVersion = 17.0.32112.339
MinimumVisualStudioVersion = 10.0.40219.1
Project("{9A19103F-16F7-4668-BE54-9A1E7A4F7556}") = "HelloWorld", "HelloWorld.csproj", "{1112987B-5A29-4871-B63D-4F9F3275C3D0}"
	ProjectSection(ProjectDependencies) = postProject
		{9339CE6B-E5D7-4920-A1AE-0ACFF4909E2A} = {9339CE6B-E5D7-4920-A1AE-0ACFF4909E2A}
		{CD5A74AE-ABC5-438D-A76E-21AA85274AAE} = {CD5A74AE-ABC5-438D-A76E-21AA85274AAE}
	EndProjectSection
EndProject
Project("{9A19103F-16F7-4668-BE54-9A1E7A4F7556}") = "HelloWorld.Data", "..\HelloWorld.Data\HelloWorld.Data.csproj", "{CD5A74AE-ABC5-438D-A76E-21AA85274AAE}"
EndProject
Project("{9A19103F-16F7-4668-BE54-9A1E7A4F7556}") = "HelloWorld.Business", "..\HelloWorld.Business\HelloWorld.Business.csproj", "{9339CE6B-E5D7-4920-A1AE-0ACFF4909E2A}"
EndProject
Project("{FAE04EC0-301F-11D3-BF4B-00C04F79EFBC}") = "HelloWorld.Entities", "..\HelloWorld.Entities\HelloWorld.Entities.csproj", "{DE7F0B84-D92B-4360-8D97-9447546A2CE6}"
EndProject
Project("{FAE04EC0-301F-11D3-BF4B-00C04F79EFBC}") = "HelloWorldAPI", "..\HelloWorldAPI\HelloWorldAPI.csproj", "{C99E89AE-E6C9-474B-88B8-308459B4F133}"
EndProject
Global
	GlobalSection(SolutionConfigurationPlatforms) = preSolution
		Debug|Any CPU = Debug|Any CPU
		Release|Any CPU = Release|Any CPU
	EndGlobalSection
	GlobalSection(ProjectConfigurationPlatforms) = postSolution
		{1112987B-5A29-4871-B63D-4F9F3275C3D0}.Debug|Any CPU.ActiveCfg = Debug|Any CPU
		{1112987B-5A29-4871-B63D-4F9F3275C3D0}.Debug|Any CPU.Build.0 = Debug|Any CPU
		{1112987B-5A29-4871-B63D-4F9F3275C3D0}.Release|Any CPU.ActiveCfg = Release|Any CPU
		{1112987B-5A29-4871-B63D-4F9F3275C3D0}.Release|Any CPU.Build.0 = Release|Any CPU
		{CD5A74AE-ABC5-438D-A76E-21AA85274AAE}.Debug|Any CPU.ActiveCfg = Debug|Any CPU
		{CD5A74AE-ABC5-438D-A76E-21AA85274AAE}.Debug|Any CPU.Build.0 = Debug|Any CPU
		{CD5A74AE-ABC5-438D-A76E-21AA85274AAE}.Release|Any CPU.ActiveCfg = Release|Any CPU
		{CD5A74AE-ABC5-438D-A76E-21AA85274AAE}.Release|Any CPU.Build.0 = Release|Any CPU
		{9339CE6B-E5D7-4920-A1AE-0ACFF4909E2A}.Debug|Any CPU.ActiveCfg = Debug|Any CPU
		{9339CE6B-E5D7-4920-A1AE-0ACFF4909E2A}.Debug|Any CPU.Build.0 = Debug|Any CPU
		{9339CE6B-E5D7-4920-A1AE-0ACFF4909E2A}.Release|Any CPU.ActiveCfg = Release|Any CPU
		{9339CE6B-E5D7-4920-A1AE-0ACFF4909E2A}.Release|Any CPU.Build.0 = Release|Any CPU
		{DE7F0B84-D92B-4360-8D97-9447546A2CE6}.Debug|Any CPU.ActiveCfg = Debug|Any CPU
		{DE7F0B84-D92B-4360-8D97-9447546A2CE6}.Debug|Any CPU.Build.0 = Debug|Any CPU
		{DE7F0B84-D92B-4360-8D97-9447546A2CE6}.Release|Any CPU.ActiveCfg = Release|Any CPU
		{DE7F0B84-D92B-4360-8D97-9447546A2CE6}.Release|Any CPU.Build.0 = Release|Any CPU
		{C99E89AE-E6C9-474B-88B8-308459B4F133}.Debug|Any CPU.ActiveCfg = Debug|Any CPU
		{C99E89AE-E6C9-474B-88B8-308459B4F133}.Debug|Any CPU.Build.0 = Debug|Any CPU
		{C99E89AE-E6C9-474B-88B8-308459B4F133}.Release|Any CPU.ActiveCfg = Release|Any CPU
		{C99E89AE-E6C9-474B-88B8-308459B4F133}.Release|Any CPU.Build.0 = Release|Any CPU
	EndGlobalSection
	GlobalSection(SolutionProperties) = preSolution
		HideSolutionNode = FALSE
	EndGlobalSection
	GlobalSection(ExtensibilityGlobals) = postSolution
		SolutionGuid = {03B40A76-7759-463B-ADB5-FEE5179C699F}
	EndGlobalSection
EndGlobal
